
Microsoft Visual Studio Solution File, Format Version 12.00
# Visual Studio 15
VisualStudioVersion = 15.0.27703.2042
MinimumVisualStudioVersion = 10.0.40219.1
Project("{FAE04EC0-301F-11D3-BF4B-00C04F79EFBC}") = "AzureStorageExercise", "AzureStorageExercise.csproj", "{7635EB39-ADCC-45F9-9DFD-1CC70891C958}"
EndProject
Project("{FAE04EC0-301F-11D3-BF4B-00C04F79EFBC}") = "Storage.Table", "..\ConsoleApp1\Storage.Table.csproj", "{6AD2BF30-4D5D-4249-98AB-D6730D48CD88}"
EndProject
Project("{FAE04EC0-301F-11D3-BF4B-00C04F79EFBC}") = "Storage.Queues", "..\Storage.Queues\Storage.Queues.csproj", "{9529172B-C596-4396-8247-D5B15AA36CAE}"
EndProject
Project("{FAE04EC0-301F-11D3-BF4B-00C04F79EFBC}") = "Storage.SharedAccessKey", "..\Storage.SharedAccessKey\Storage.SharedAccessKey.csproj", "{C226E1DF-40E3-4D86-A24E-F73BC65A2C86}"
EndProject
Project("{FAE04EC0-301F-11D3-BF4B-00C04F79EFBC}") = "AzureSQLDatabase", "..\AzureSQLDatabase\AzureSQLDatabase.csproj", "{0C78F2CD-E874-405A-A7FF-DEE7A0AFE83D}"
EndProject
Global
	GlobalSection(SolutionConfigurationPlatforms) = preSolution
		Debug|Any CPU = Debug|Any CPU
		Release|Any CPU = Release|Any CPU
	EndGlobalSection
	GlobalSection(ProjectConfigurationPlatforms) = postSolution
		{7635EB39-ADCC-45F9-9DFD-1CC70891C958}.Debug|Any CPU.ActiveCfg = Debug|Any CPU
		{7635EB39-ADCC-45F9-9DFD-1CC70891C958}.Debug|Any CPU.Build.0 = Debug|Any CPU
		{7635EB39-ADCC-45F9-9DFD-1CC70891C958}.Release|Any CPU.ActiveCfg = Release|Any CPU
		{7635EB39-ADCC-45F9-9DFD-1CC70891C958}.Release|Any CPU.Build.0 = Release|Any CPU
		{6AD2BF30-4D5D-4249-98AB-D6730D48CD88}.Debug|Any CPU.ActiveCfg = Debug|Any CPU
		{6AD2BF30-4D5D-4249-98AB-D6730D48CD88}.Debug|Any CPU.Build.0 = Debug|Any CPU
		{6AD2BF30-4D5D-4249-98AB-D6730D48CD88}.Release|Any CPU.ActiveCfg = Release|Any CPU
		{6AD2BF30-4D5D-4249-98AB-D6730D48CD88}.Release|Any CPU.Build.0 = Release|Any CPU
		{9529172B-C596-4396-8247-D5B15AA36CAE}.Debug|Any CPU.ActiveCfg = Debug|Any CPU
		{9529172B-C596-4396-8247-D5B15AA36CAE}.Debug|Any CPU.Build.0 = Debug|Any CPU
		{9529172B-C596-4396-8247-D5B15AA36CAE}.Release|Any CPU.ActiveCfg = Release|Any CPU
		{9529172B-C596-4396-8247-D5B15AA36CAE}.Release|Any CPU.Build.0 = Release|Any CPU
		{C226E1DF-40E3-4D86-A24E-F73BC65A2C86}.Debug|Any CPU.ActiveCfg = Debug|Any CPU
		{C226E1DF-40E3-4D86-A24E-F73BC65A2C86}.Debug|Any CPU.Build.0 = Debug|Any CPU
		{C226E1DF-40E3-4D86-A24E-F73BC65A2C86}.Release|Any CPU.ActiveCfg = Release|Any CPU
		{C226E1DF-40E3-4D86-A24E-F73BC65A2C86}.Release|Any CPU.Build.0 = Release|Any CPU
		{0C78F2CD-E874-405A-A7FF-DEE7A0AFE83D}.Debug|Any CPU.ActiveCfg = Debug|Any CPU
		{0C78F2CD-E874-405A-A7FF-DEE7A0AFE83D}.Debug|Any CPU.Build.0 = Debug|Any CPU
		{0C78F2CD-E874-405A-A7FF-DEE7A0AFE83D}.Release|Any CPU.ActiveCfg = Release|Any CPU
		{0C78F2CD-E874-405A-A7FF-DEE7A0AFE83D}.Release|Any CPU.Build.0 = Release|Any CPU
	EndGlobalSection
	GlobalSection(SolutionProperties) = preSolution
		HideSolutionNode = FALSE
	EndGlobalSection
	GlobalSection(ExtensibilityGlobals) = postSolution
		SolutionGuid = {42202BF0-B1C5-429B-BBC2-CA9E529A3F01}
	EndGlobalSection
EndGlobal
